
Microsoft Visual Studio Solution File, Format Version 12.00
# Visual Studio 14
VisualStudioVersion = 14.0.22310.1
MinimumVisualStudioVersion = 10.0.40219.1
Project("{FAE04EC0-301F-11D3-BF4B-00C04F79EFBC}") = "SaveScumAgent", "SavegameAutoBackupAgent\SaveScumAgent.csproj", "{A5442C57-BE04-475A-A552-AA9D9E029F52}"
EndProject
Project("{FAE04EC0-301F-11D3-BF4B-00C04F79EFBC}") = "SaveScumTests", "SaveScumTests\SaveScumTests.csproj", "{330F8875-D722-466F-9E8F-5FFF29675018}"
EndProject
Global
	GlobalSection(SolutionConfigurationPlatforms) = preSolution
		Debug|Any CPU = Debug|Any CPU
		Release|Any CPU = Release|Any CPU
	EndGlobalSection
	GlobalSection(ProjectConfigurationPlatforms) = postSolution
		{A5442C57-BE04-475A-A552-AA9D9E029F52}.Debug|Any CPU.ActiveCfg = Debug|Any CPU
		{A5442C57-BE04-475A-A552-AA9D9E029F52}.Debug|Any CPU.Build.0 = Debug|Any CPU
		{A5442C57-BE04-475A-A552-AA9D9E029F52}.Release|Any CPU.ActiveCfg = Release|Any CPU
		{A5442C57-BE04-475A-A552-AA9D9E029F52}.Release|Any CPU.Build.0 = Release|Any CPU
		{330F8875-D722-466F-9E8F-5FFF29675018}.Debug|Any CPU.ActiveCfg = Debug|Any CPU
		{330F8875-D722-466F-9E8F-5FFF29675018}.Debug|Any CPU.Build.0 = Debug|Any CPU
		{330F8875-D722-466F-9E8F-5FFF29675018}.Release|Any CPU.ActiveCfg = Release|Any CPU
		{330F8875-D722-466F-9E8F-5FFF29675018}.Release|Any CPU.Build.0 = Release|Any CPU
	EndGlobalSection
	GlobalSection(SolutionProperties) = preSolution
		HideSolutionNode = FALSE
	EndGlobalSection
EndGlobal
